{
  "nodes": {
    "crane": {
      "locked": {
        "lastModified": 1758758545,
        "narHash": "sha256-NU5WaEdfwF6i8faJ2Yh+jcK9vVFrofLcwlD/mP65JrI=",
        "rev": "95d528a5f54eaba0d12102249ce42f4d01f4e364",
        "revCount": 764,
        "type": "tarball",
        "url": "https://api.flakehub.com/f/pinned/ipetkov/crane/0.21.1/01997e40-19a9-7bc6-9dba-0585d6ed9a98/source.tar.gz"
      },
      "original": {
        "type": "tarball",
        "url": "https://flakehub.com/f/ipetkov/crane/0"
      }
    },
    "crane_2": {
      "locked": {
        "lastModified": 1765145449,
        "narHash": "sha256-aBVHGWWRzSpfL++LubA0CwOOQ64WNLegrYHwsVuVN7A=",
        "owner": "ipetkov",
        "repo": "crane",
        "rev": "69f538cdce5955fcd47abfed4395dc6d5194c1c5",
        "type": "github"
      },
      "original": {
        "owner": "ipetkov",
        "repo": "crane",
        "type": "github"
      }
    },
    "fenix": {
      "inputs": {
        "nixpkgs": [
          "fh",
          "nixpkgs"
        ],
        "rust-analyzer-src": "rust-analyzer-src"
      },
      "locked": {
        "lastModified": 1756709111,
        "narHash": "sha256-xv2u5dnQpdWkrIy5TBSomr055odWtRSoECSGBzNpp3w=",
        "rev": "113eba389317407992ea219d5aaced44bf6407f9",
        "revCount": 2375,
        "type": "tarball",
        "url": "https://api.flakehub.com/f/pinned/nix-community/fenix/0.1.2375%2Brev-113eba389317407992ea219d5aaced44bf6407f9/0199045f-8452-723d-b201-deb22d41c75e/source.tar.gz"
      },
      "original": {
        "type": "tarball",
        "url": "https://flakehub.com/f/nix-community/fenix/%3D0.1.2375"
      }
    },
    "fh": {
      "inputs": {
        "crane": "crane",
        "fenix": "fenix",
        "nixpkgs": [
          "nixpkgs"
        ]
      },
      "locked": {
        "lastModified": 1761780713,
        "narHash": "sha256-EUCV7/J9wJRroCGW5JqonFJIqcvJEBAwB7l3eWYxiSk=",
        "rev": "4f001f2e1de4776f01cf22d1de815f1016a4c4c9",
        "revCount": 786,
        "type": "tarball",
        "url": "https://api.flakehub.com/f/pinned/DeterminateSystems/fh/0.1.27/019a355b-4c74-769d-a9ad-232df447089d/source.tar.gz"
      },
      "original": {
        "type": "tarball",
        "url": "https://flakehub.com/f/DeterminateSystems/fh/%2A"
      }
    },
    "flake-compat": {
      "flake": false,
      "locked": {
        "lastModified": 1761588595,
        "narHash": "sha256-XKUZz9zewJNUj46b4AJdiRZJAvSZ0Dqj2BNfXvFlJC4=",
        "owner": "edolstra",
        "repo": "flake-compat",
        "rev": "f387cd2afec9419c8ee37694406ca490c3f34ee5",
        "type": "github"
      },
      "original": {
        "owner": "edolstra",
        "repo": "flake-compat",
        "type": "github"
      }
    },
    "flake-compat_2": {
      "locked": {
        "lastModified": 1696426674,
        "narHash": "sha256-kvjfFW7WAETZlt09AgDn1MrtKzP7t90Vf7vypd3OL1U=",
        "rev": "0f9255e01c2351cc7d116c072cb317785dd33b33",
        "revCount": 57,
        "type": "tarball",
        "url": "https://api.flakehub.com/f/pinned/edolstra/flake-compat/1.0.1/018afb31-abd1-7bff-a5e4-cff7e18efb7a/source.tar.gz"
      },
      "original": {
        "type": "tarball",
        "url": "https://flakehub.com/f/edolstra/flake-compat/1.tar.gz"
      }
    },
    "flake-compat_3": {
      "flake": false,
      "locked": {
        "lastModified": 1650374568,
        "narHash": "sha256-Z+s0J8/r907g149rllvwhb4pKi8Wam5ij0st8PwAh+E=",
        "owner": "edolstra",
        "repo": "flake-compat",
        "rev": "b4a34015c698c7793d592d66adbab377907a2be8",
        "type": "github"
      },
      "original": {
        "owner": "edolstra",
        "repo": "flake-compat",
        "type": "github"
      }
    },
    "flake-parts": {
      "inputs": {
        "nixpkgs-lib": [
          "nur",
          "nixpkgs"
        ]
      },
      "locked": {
        "lastModified": 1733312601,
        "narHash": "sha256-4pDvzqnegAfRkPwO3wmwBhVi/Sye1mzps0zHWYnP88c=",
        "owner": "hercules-ci",
        "repo": "flake-parts",
        "rev": "205b12d8b7cd4802fbcb8e8ef6a0f1408781a4f9",
        "type": "github"
      },
      "original": {
        "owner": "hercules-ci",
        "repo": "flake-parts",
        "type": "github"
      }
    },
    "flake-utils": {
      "inputs": {
        "systems": "systems_2"
      },
      "locked": {
        "lastModified": 1694529238,
        "narHash": "sha256-zsNZZGTGnMOf9YpHKJqMSsa0dXbfmxeoJ7xHlrt+xmY=",
        "owner": "numtide",
        "repo": "flake-utils",
        "rev": "ff7b65b44d01cf9ba6a71320833626af21126384",
        "type": "github"
      },
      "original": {
        "owner": "numtide",
        "repo": "flake-utils",
        "type": "github"
      }
    },
    "flake-utils-plus": {
      "inputs": {
        "flake-utils": "flake-utils"
      },
      "locked": {
        "lastModified": 1696331477,
        "narHash": "sha256-YkbRa/1wQWdWkVJ01JvV+75KIdM37UErqKgTf0L54Fk=",
        "owner": "gytis-ivaskevicius",
        "repo": "flake-utils-plus",
        "rev": "bfc53579db89de750b25b0c5e7af299e0c06d7d3",
        "type": "github"
      },
      "original": {
        "owner": "gytis-ivaskevicius",
        "repo": "flake-utils-plus",
        "type": "github"
      }
    },
    "gitignore": {
      "inputs": {
        "nixpkgs": [
          "lanzaboote",
          "pre-commit",
          "nixpkgs"
        ]
      },
      "locked": {
        "lastModified": 1709087332,
        "narHash": "sha256-HG2cCnktfHsKV0s4XW83gU3F57gaTljL9KNSuG6bnQs=",
        "owner": "hercules-ci",
        "repo": "gitignore.nix",
        "rev": "637db329424fd7e46cf4185293b9cc8c88c95394",
        "type": "github"
      },
      "original": {
        "owner": "hercules-ci",
        "repo": "gitignore.nix",
        "type": "github"
      }
    },
    "home-manager": {
      "inputs": {
        "nixpkgs": [
          "nixpkgs"
        ]
      },
      "locked": {
        "lastModified": 1770586272,
        "narHash": "sha256-Ucci8mu8QfxwzyfER2DQDbvW9t1BnTUJhBmY7ybralo=",
        "rev": "b1f916ba052341edc1f80d4b2399f1092a4873ca",
        "revCount": 6208,
        "type": "tarball",
        "url": "https://api.flakehub.com/f/pinned/nix-community/home-manager/0.1.6208%2Brev-b1f916ba052341edc1f80d4b2399f1092a4873ca/019c3f2b-cea9-7418-bd50-691be5cf9522/source.tar.gz"
      },
      "original": {
        "type": "tarball",
        "url": "https://flakehub.com/f/nix-community/home-manager/0.1"
      }
    },
    "lanzaboote": {
      "inputs": {
        "crane": "crane_2",
        "nixpkgs": [
          "nixpkgs"
        ],
        "pre-commit": "pre-commit",
        "rust-overlay": "rust-overlay"
      },
      "locked": {
        "lastModified": 1765382359,
        "narHash": "sha256-RJmgVDzjRI18BWVogG6wpsl1UCuV6ui8qr4DJ1LfWZ8=",
        "rev": "e8c096ade12ec9130ff931b0f0e25d2f1bc63607",
        "revCount": 907,
        "type": "tarball",
        "url": "https://api.flakehub.com/f/pinned/nix-community/lanzaboote/1.0.0/019b0902-2151-7a47-8eb2-e1d3c9d15f94/source.tar.gz"
      },
      "original": {
        "type": "tarball",
        "url": "https://flakehub.com/f/nix-community/lanzaboote/%2A"
      }
    },
    "nix-flatpak": {
      "locked": {
        "lastModified": 1767983141,
        "narHash": "sha256-7ZCulYUD9RmJIDULTRkGLSW1faMpDlPKcbWJLYHoXcs=",
        "rev": "440818969ac2cbd77bfe025e884d0aa528991374",
        "revCount": 108,
        "type": "tarball",
        "url": "https://api.flakehub.com/f/pinned/gmodena/nix-flatpak/0.7.0/019ba40a-29bd-75f8-bd37-e2b1d2c13015/source.tar.gz"
      },
      "original": {
        "type": "tarball",
        "url": "https://flakehub.com/f/gmodena/nix-flatpak/%2A"
      }
    },
    "nix-software-center": {
      "inputs": {
        "nixos-appstream-data": "nixos-appstream-data",
        "nixpkgs": [
          "nixpkgs"
        ],
        "utils": "utils"
      },
      "locked": {
        "lastModified": 1736046022,
        "narHash": "sha256-YWCRJO+lBGZND2lXY6U5xUpDJkYRJu8fqCeINIVIMj4=",
        "owner": "ljubitje",
        "repo": "nix-software-center",
        "rev": "cd2387fda8227c32e1197e1d69bbac4e81d849e8",
        "type": "github"
      },
      "original": {
        "owner": "ljubitje",
        "repo": "nix-software-center",
        "type": "github"
      }
    },
    "nixos-appstream-data": {
      "inputs": {
        "flake-utils": [
          "nix-software-center",
          "utils"
        ],
        "nixpkgs": [
          "nix-software-center",
          "nixpkgs"
        ]
      },
      "locked": {
        "lastModified": 1712858390,
        "narHash": "sha256-XE7gr+zU3N4SHPAhsgk8cVAFp1iBg+Lxxp3y4dUF1vE=",
        "owner": "korfuri",
        "repo": "nixos-appstream-data",
        "rev": "0465d42a4433faa63b7a5eb0b8d397937c9fc13a",
        "type": "github"
      },
      "original": {
        "owner": "korfuri",
        "ref": "flake",
        "repo": "nixos-appstream-data",
        "type": "github"
      }
    },
    "nixos-conf-editor": {
      "inputs": {
        "flake-compat": "flake-compat_2",
        "nixpkgs": [
          "nixpkgs"
        ],
        "snowfall-lib": "snowfall-lib"
      },
      "locked": {
        "lastModified": 1707338010,
        "narHash": "sha256-UtLeZzDdk96sLTRcWsGrkWCslNUDytrGe0VmOTB/iig=",
        "owner": "snowfallorg",
        "repo": "nixos-conf-editor",
        "rev": "27b5e92f580f794c690093503869aab242f075ab",
        "type": "github"
      },
      "original": {
        "owner": "snowfallorg",
        "repo": "nixos-conf-editor",
        "type": "github"
      }
    },
    "nixpkgs": {
      "locked": {
        "lastModified": 1770562336,
        "narHash": "sha256-ub1gpAONMFsT/GU2hV6ZWJjur8rJ6kKxdm9IlCT0j84=",
        "rev": "d6c71932130818840fc8fe9509cf50be8c64634f",
        "revCount": 942779,
        "type": "tarball",
        "url": "https://api.flakehub.com/f/pinned/NixOS/nixpkgs/0.1.942779%2Brev-d6c71932130818840fc8fe9509cf50be8c64634f/019c3fb4-003d-710c-9b72-1d2bb1b28de3/source.tar.gz"
      },
      "original": {
        "type": "tarball",
        "url": "https://flakehub.com/f/NixOS/nixpkgs/0.1"
      }
    },
    "nixpkgs-stable": {
      "locked": {
        "lastModified": 1770464364,
        "narHash": "sha256-z5NJPSBwsLf/OfD8WTmh79tlSU8XgIbwmk6qB1/TFzY=",
        "rev": "23d72dabcb3b12469f57b37170fcbc1789bd7457",
        "revCount": 907408,
        "type": "tarball",
        "url": "https://api.flakehub.com/f/pinned/NixOS/nixpkgs/0.2511.907408%2Brev-23d72dabcb3b12469f57b37170fcbc1789bd7457/019c3bd0-8a76-71e4-8c0e-ad25a770ebdf/source.tar.gz"
      },
      "original": {
        "type": "tarball",
        "url": "https://flakehub.com/f/NixOS/nixpkgs/%2A"
      }
    },
    "nur": {
      "inputs": {
        "flake-parts": "flake-parts",
        "nixpkgs": [
          "nixpkgs"
        ]
      },
      "locked": {
        "lastModified": 1770597604,
        "narHash": "sha256-Lr1mNwxqJQ320dhKqV8ImKZrwuYNqCVLJeEheY3IY/c=",
        "owner": "nix-community",
        "repo": "NUR",
        "rev": "22a5432fca09235c5448c49f582ed9f338c1c8eb",
        "type": "github"
      },
      "original": {
        "owner": "nix-community",
        "repo": "NUR",
        "type": "github"
      }
    },
    "pre-commit": {
      "inputs": {
        "flake-compat": "flake-compat",
        "gitignore": "gitignore",
        "nixpkgs": [
          "lanzaboote",
          "nixpkgs"
        ]
      },
      "locked": {
        "lastModified": 1765016596,
        "narHash": "sha256-rhSqPNxDVow7OQKi4qS5H8Au0P4S3AYbawBSmJNUtBQ=",
        "owner": "cachix",
        "repo": "pre-commit-hooks.nix",
        "rev": "548fc44fca28a5e81c5d6b846e555e6b9c2a5a3c",
        "type": "github"
      },
      "original": {
        "owner": "cachix",
        "repo": "pre-commit-hooks.nix",
        "type": "github"
      }
    },
    "root": {
      "inputs": {
        "fh": "fh",
        "home-manager": "home-manager",
        "lanzaboote": "lanzaboote",
        "nix-flatpak": "nix-flatpak",
        "nix-software-center": "nix-software-center",
        "nixos-conf-editor": "nixos-conf-editor",
        "nixpkgs": "nixpkgs",
        "nixpkgs-stable": "nixpkgs-stable",
        "nur": "nur",
        "zen-browser": "zen-browser"
      }
    },
    "rust-analyzer-src": {
      "flake": false,
      "locked": {
        "lastModified": 1756597274,
        "narHash": "sha256-wfaKRKsEVQDB7pQtAt04vRgFphkVscGRpSx3wG1l50E=",
        "owner": "rust-lang",
        "repo": "rust-analyzer",
        "rev": "21614ed2d3279a9aa1f15c88d293e65a98991b30",
        "type": "github"
      },
      "original": {
        "owner": "rust-lang",
        "ref": "nightly",
        "repo": "rust-analyzer",
        "type": "github"
      }
    },
    "rust-overlay": {
      "inputs": {
        "nixpkgs": [
          "lanzaboote",
          "nixpkgs"
        ]
      },
      "locked": {
        "lastModified": 1765075567,
        "narHash": "sha256-KFDCdQcHJ0hE3Nt5Gm5enRIhmtEifAjpxgUQ3mzSJpA=",
        "owner": "oxalica",
        "repo": "rust-overlay",
        "rev": "769156779b41e8787a46ca3d7d76443aaf68be6f",
        "type": "github"
      },
      "original": {
        "owner": "oxalica",
        "repo": "rust-overlay",
        "type": "github"
      }
    },
    "snowfall-lib": {
      "inputs": {
        "flake-compat": "flake-compat_3",
        "flake-utils-plus": "flake-utils-plus",
        "nixpkgs": [
          "nixos-conf-editor",
          "nixpkgs"
        ]
      },
      "locked": {
        "lastModified": 1696432959,
        "narHash": "sha256-oJQZv2MYyJaVyVJY5IeevzqpGvMGKu5pZcCCJvb+xjc=",
        "owner": "snowfallorg",
        "repo": "lib",
        "rev": "92803a029b5314d4436a8d9311d8707b71d9f0b6",
        "type": "github"
      },
      "original": {
        "owner": "snowfallorg",
        "repo": "lib",
        "type": "github"
      }
    },
    "systems": {
      "locked": {
        "lastModified": 1681028828,
        "narHash": "sha256-Vy1rq5AaRuLzOxct8nz4T6wlgyUR7zLU309k9mBC768=",
        "owner": "nix-systems",
        "repo": "default",
        "rev": "da67096a3b9bf56a91d16901293e51ba5b49a27e",
        "type": "github"
      },
      "original": {
        "owner": "nix-systems",
        "repo": "default",
        "type": "github"
      }
    },
    "systems_2": {
      "locked": {
        "lastModified": 1681028828,
        "narHash": "sha256-Vy1rq5AaRuLzOxct8nz4T6wlgyUR7zLU309k9mBC768=",
        "owner": "nix-systems",
        "repo": "default",
        "rev": "da67096a3b9bf56a91d16901293e51ba5b49a27e",
        "type": "github"
      },
      "original": {
        "owner": "nix-systems",
        "repo": "default",
        "type": "github"
      }
    },
    "utils": {
      "inputs": {
        "systems": "systems"
      },
      "locked": {
        "lastModified": 1689068808,
        "narHash": "sha256-6ixXo3wt24N/melDWjq70UuHQLxGV8jZvooRanIHXw0=",
        "owner": "numtide",
        "repo": "flake-utils",
        "rev": "919d646de7be200f3bf08cb76ae1f09402b6f9b4",
        "type": "github"
      },
      "original": {
        "owner": "numtide",
        "repo": "flake-utils",
        "type": "github"
      }
    },
    "zen-browser": {
      "inputs": {
        "nixpkgs": [
          "nixpkgs"
        ]
      },
      "locked": {
        "lastModified": 1770438797,
        "narHash": "sha256-pwnQTmZswF6bu2/Ie7ajOo8w6rXQwVI954S9WX1UG3w=",
        "owner": "youwen5",
        "repo": "zen-browser-flake",
        "rev": "d396599774bdbafeb86c122dc2c422c7084ea390",
        "type": "github"
      },
      "original": {
        "owner": "youwen5",
        "repo": "zen-browser-flake",
        "type": "github"
      }
    }
  },
  "root": "root",
  "version": 7
}
